
Microsoft Visual Studio Solution File, Format Version 12.00
# Visual Studio Version 17
VisualStudioVersion = 17.11.35327.3
MinimumVisualStudioVersion = 10.0.40219.1
Project("{9A19103F-16F7-4668-BE54-9A1E7A4F7556}") = "KwendaMoney", "KwendaMoney\KwendaMoney.csproj", "{DF48BC29-B991-405F-9032-C02B6F6E9E71}"
EndProject
Global
	GlobalSection(SolutionConfigurationPlatforms) = preSolution
		Debug|Any CPU = Debug|Any CPU
		Release|Any CPU = Release|Any CPU
	EndGlobalSection
	GlobalSection(ProjectConfigurationPlatforms) = postSolution
		{DF48BC29-B991-405F-9032-C02B6F6E9E71}.Debug|Any CPU.ActiveCfg = Debug|Any CPU
		{DF48BC29-B991-405F-9032-C02B6F6E9E71}.Debug|Any CPU.Build.0 = Debug|Any CPU
		{DF48BC29-B991-405F-9032-C02B6F6E9E71}.Release|Any CPU.ActiveCfg = Release|Any CPU
		{DF48BC29-B991-405F-9032-C02B6F6E9E71}.Release|Any CPU.Build.0 = Release|Any CPU
	EndGlobalSection
	GlobalSection(SolutionProperties) = preSolution
		HideSolutionNode = FALSE
	EndGlobalSection
	GlobalSection(ExtensibilityGlobals) = postSolution
		SolutionGuid = {BBA2634C-47F7-48AF-A5B5-6D6F55F3307B}
	EndGlobalSection
EndGlobal
